Microsoft Visual Studio Solution File, Format Version 12.00
# Visual Studio 15
VisualStudioVersion = 15.0.26430.6
MinimumVisualStudioVersion = 10.0.40219.1
Project("{2150E333-8FDC-42A3-9474-1A3956D46DE8}") = "Backend", "Backend", "{B8A0ABF1-E7CE-483D-8E5B-24A670CE6EDD}"
EndProject
Project("{FAE04EC0-301F-11D3-BF4B-00C04F79EFBC}") = "BCP.Common", "BCP\BCP.Common\BCP.Common.csproj", "{1F12D306-6EA5-486C-92DC-1DA2E23F3935}"
EndProject
Project("{FAE04EC0-301F-11D3-BF4B-00C04F79EFBC}") = "BCP.DataAccess", "BCP\BCP.DataAccess\BCP.DataAccess.csproj", "{667750E1-34C6-4D08-BDBA-AC5FEEC6FA9E}"
EndProject
Project("{FAE04EC0-301F-11D3-BF4B-00C04F79EFBC}") = "BCP.Facade", "BCP\BCP.Facade\BCP.Facade.csproj", "{718F7402-7623-40AA-AD4A-7A5BDC80B73B}"
EndProject
Project("{2150E333-8FDC-42A3-9474-1A3956D46DE8}") = "App", "App", "{50A39C50-C3E5-44CD-AF6C-9E8BF38BAE63}"
EndProject
Project("{FAE04EC0-301F-11D3-BF4B-00C04F79EFBC}") = "BCP.Droid", "BCP\BCP.Droid\BCP.Droid.csproj", "{1ABC2F1D-ED53-4D5F-9AD2-F90EF2E7D49C}"
EndProject
Project("{FAE04EC0-301F-11D3-BF4B-00C04F79EFBC}") = "BCP.iOS", "BCP\BCP.iOS\BCP.iOS.csproj", "{2C50A5E7-AFA9-4033-914E-B7BA7E236ED7}"
EndProject
Project("{FAE04EC0-301F-11D3-BF4B-00C04F79EFBC}") = "BCP.Forms", "BCP\BCP.Forms\BCP.Forms.csproj", "{4E12F844-7F12-481A-AFBB-939342683F9B}"
EndProject
Project("{2150E333-8FDC-42A3-9474-1A3956D46DE8}") = "Tests", "Tests", "{9798A88A-C0B7-4584-8984-60DEEB22C741}"
EndProject
Project("{2150E333-8FDC-42A3-9474-1A3956D46DE8}") = "UITests", "UITests", "{63F04ECB-EE93-4572-A1CD-4C491CA43C10}"
EndProject
Project("{FAE04EC0-301F-11D3-BF4B-00C04F79EFBC}") = "BCP.UnitTest", "BCP.UnitTest\BCP.Tests\BCP.UnitTest.csproj", "{C6D4D76C-807D-4B7A-A757-7C580C0307B0}"
EndProject
Project("{2150E333-8FDC-42A3-9474-1A3956D46DE8}") = "UnitTest", "UnitTest", "{737F6D7C-97D9-456D-8C83-3133D5CC9786}"
EndProject
Global
	GlobalSection(SolutionConfigurationPlatforms) = preSolution
		Ad-Hoc|Any CPU = Ad-Hoc|Any CPU
		Ad-Hoc|iPhone = Ad-Hoc|iPhone
		Ad-Hoc|iPhoneSimulator = Ad-Hoc|iPhoneSimulator
		AppStore|Any CPU = AppStore|Any CPU
		AppStore|iPhone = AppStore|iPhone
		AppStore|iPhoneSimulator = AppStore|iPhoneSimulator
		Debug_Dev|Any CPU = Debug_Dev|Any CPU
		Debug_Dev|iPhone = Debug_Dev|iPhone
		Debug_Dev|iPhoneSimulator = Debug_Dev|iPhoneSimulator
		Debug|Any CPU = Debug|Any CPU
		Debug|iPhone = Debug|iPhone
		Debug|iPhoneSimulator = Debug|iPhoneSimulator
		Release_Dev|Any CPU = Release_Dev|Any CPU
		Release_Dev|iPhone = Release_Dev|iPhone
		Release_Dev|iPhoneSimulator = Release_Dev|iPhoneSimulator
		Release_Production|Any CPU = Release_Production|Any CPU
		Release_Production|iPhone = Release_Production|iPhone
		Release_Production|iPhoneSimulator = Release_Production|iPhoneSimulator
		Release_Staging|Any CPU = Release_Staging|Any CPU
		Release_Staging|iPhone = Release_Staging|iPhone
		Release_Staging|iPhoneSimulator = Release_Staging|iPhoneSimulator
		Release|Any CPU = Release|Any CPU
		Release|iPhone = Release|iPhone
		Release|iPhoneSimulator = Release|iPhoneSimulator
		Staging|Any CPU = Staging|Any CPU
		Staging|iPhone = Staging|iPhone
		Staging|iPhoneSimulator = Staging|iPhoneSimulator
		HA_Dev|Any CPU = HA_Dev|Any CPU
		HA_Dev|iPhone = HA_Dev|iPhone
		HA_Staging|Any CPU = HA_Staging|Any CPU
		HA_Staging|iPhone = HA_Staging|iPhone
		HA_Production|Any CPU = HA_Production|Any CPU
		HA_Production|iPhone = HA_Production|iPhone
		HA_Test|Any CPU = HA_Test|Any CPU
		HA_Test|iPhone = HA_Test|iPhone
		Release_Test|Any CPU = Release_Test|Any CPU
		Release_Test|iPhone = Release_Test|iPhone
	EndGlobalSection
	GlobalSection(ProjectConfigurationPlatforms) = postSolution
		{1F12D306-6EA5-486C-92DC-1DA2E23F3935}.Debug_Dev|Any CPU.ActiveCfg = Debug_Dev|Any CPU
		{1F12D306-6EA5-486C-92DC-1DA2E23F3935}.Debug_Dev|Any CPU.Build.0 = Debug_Dev|Any CPU
		{1F12D306-6EA5-486C-92DC-1DA2E23F3935}.Debug_Dev|iPhone.ActiveCfg = Debug_Dev|Any CPU
		{1F12D306-6EA5-486C-92DC-1DA2E23F3935}.Debug_Dev|iPhone.Build.0 = Debug_Dev|Any CPU
		{1F12D306-6EA5-486C-92DC-1DA2E23F3935}.Debug_Dev|iPhoneSimulator.ActiveCfg = Debug_Dev|Any CPU
		{1F12D306-6EA5-486C-92DC-1DA2E23F3935}.Debug_Dev|iPhoneSimulator.Build.0 = Debug_Dev|Any CPU
		{1F12D306-6EA5-486C-92DC-1DA2E23F3935}.Debug|Any CPU.ActiveCfg = Debug|Any CPU
		{1F12D306-6EA5-486C-92DC-1DA2E23F3935}.Debug|Any CPU.Build.0 = Debug|Any CPU
		{1F12D306-6EA5-486C-92DC-1DA2E23F3935}.Release_Dev|Any CPU.ActiveCfg = Release_Dev|Any CPU
		{1F12D306-6EA5-486C-92DC-1DA2E23F3935}.Release_Dev|Any CPU.Build.0 = Release_Dev|Any CPU
		{1F12D306-6EA5-486C-92DC-1DA2E23F3935}.Release_Dev|iPhone.ActiveCfg = Release_Dev|Any CPU
		{1F12D306-6EA5-486C-92DC-1DA2E23F3935}.Release_Dev|iPhone.Build.0 = Release_Dev|Any CPU
		{1F12D306-6EA5-486C-92DC-1DA2E23F3935}.Release_Production|Any CPU.ActiveCfg = Release_Production|Any CPU
		{1F12D306-6EA5-486C-92DC-1DA2E23F3935}.Release_Production|Any CPU.Build.0 = Release_Production|Any CPU
		{1F12D306-6EA5-486C-92DC-1DA2E23F3935}.Release_Production|iPhone.ActiveCfg = Release_Production|Any CPU
		{1F12D306-6EA5-486C-92DC-1DA2E23F3935}.Release_Production|iPhone.Build.0 = Release_Production|Any CPU
		{1F12D306-6EA5-486C-92DC-1DA2E23F3935}.Release_Staging|Any CPU.ActiveCfg = Release_Staging|Any CPU
		{1F12D306-6EA5-486C-92DC-1DA2E23F3935}.Release_Staging|Any CPU.Build.0 = Release_Staging|Any CPU
		{1F12D306-6EA5-486C-92DC-1DA2E23F3935}.Release_Staging|iPhone.ActiveCfg = Release_Staging|Any CPU
		{1F12D306-6EA5-486C-92DC-1DA2E23F3935}.Release_Staging|iPhone.Build.0 = Release_Staging|Any CPU
		{1F12D306-6EA5-486C-92DC-1DA2E23F3935}.Release|Any CPU.ActiveCfg = Release|Any CPU
		{1F12D306-6EA5-486C-92DC-1DA2E23F3935}.Release|Any CPU.Build.0 = Release|Any CPU
		{1F12D306-6EA5-486C-92DC-1DA2E23F3935}.HA_Dev|Any CPU.ActiveCfg = Release_Dev|Any CPU
		{1F12D306-6EA5-486C-92DC-1DA2E23F3935}.HA_Dev|Any CPU.Build.0 = Release_Dev|Any CPU
		{1F12D306-6EA5-486C-92DC-1DA2E23F3935}.HA_Dev|iPhone.ActiveCfg = Release_Dev|Any CPU
		{1F12D306-6EA5-486C-92DC-1DA2E23F3935}.HA_Dev|iPhone.Build.0 = Release_Dev|Any CPU
		{1F12D306-6EA5-486C-92DC-1DA2E23F3935}.HA_Staging|Any CPU.ActiveCfg = Release_Staging|Any CPU
		{1F12D306-6EA5-486C-92DC-1DA2E23F3935}.HA_Staging|Any CPU.Build.0 = Release_Staging|Any CPU
		{1F12D306-6EA5-486C-92DC-1DA2E23F3935}.HA_Staging|iPhone.ActiveCfg = Release_Staging|Any CPU
		{1F12D306-6EA5-486C-92DC-1DA2E23F3935}.HA_Staging|iPhone.Build.0 = Release_Staging|Any CPU
		{1F12D306-6EA5-486C-92DC-1DA2E23F3935}.HA_Production|Any CPU.ActiveCfg = Release_Production|Any CPU
		{1F12D306-6EA5-486C-92DC-1DA2E23F3935}.HA_Production|Any CPU.Build.0 = Release_Production|Any CPU
		{1F12D306-6EA5-486C-92DC-1DA2E23F3935}.HA_Production|iPhone.ActiveCfg = Release_Production|Any CPU
		{1F12D306-6EA5-486C-92DC-1DA2E23F3935}.HA_Production|iPhone.Build.0 = Release_Production|Any CPU
		{1F12D306-6EA5-486C-92DC-1DA2E23F3935}.HA_Test|Any CPU.ActiveCfg = Release_Test|Any CPU
		{1F12D306-6EA5-486C-92DC-1DA2E23F3935}.HA_Test|Any CPU.Build.0 = Release_Test|Any CPU
		{1F12D306-6EA5-486C-92DC-1DA2E23F3935}.HA_Test|iPhone.ActiveCfg = Release_Test|Any CPU
		{1F12D306-6EA5-486C-92DC-1DA2E23F3935}.HA_Test|iPhone.Build.0 = Release_Test|Any CPU
		{1F12D306-6EA5-486C-92DC-1DA2E23F3935}.Release_Test|Any CPU.ActiveCfg = Release_Test|Any CPU
		{1F12D306-6EA5-486C-92DC-1DA2E23F3935}.Release_Test|Any CPU.Build.0 = Release_Test|Any CPU
		{1F12D306-6EA5-486C-92DC-1DA2E23F3935}.Release_Test|iPhone.ActiveCfg = Release_Test|Any CPU
		{1F12D306-6EA5-486C-92DC-1DA2E23F3935}.Release_Test|iPhone.Build.0 = Release_Test|Any CPU
		{667750E1-34C6-4D08-BDBA-AC5FEEC6FA9E}.Debug_Dev|Any CPU.ActiveCfg = Debug|Any CPU
		{667750E1-34C6-4D08-BDBA-AC5FEEC6FA9E}.Debug_Dev|Any CPU.Build.0 = Debug|Any CPU
		{667750E1-34C6-4D08-BDBA-AC5FEEC6FA9E}.Debug_Dev|iPhone.ActiveCfg = Debug|Any CPU
		{667750E1-34C6-4D08-BDBA-AC5FEEC6FA9E}.Debug_Dev|iPhone.Build.0 = Debug|Any CPU
		{667750E1-34C6-4D08-BDBA-AC5FEEC6FA9E}.Debug_Dev|iPhoneSimulator.ActiveCfg = Debug|Any CPU
		{667750E1-34C6-4D08-BDBA-AC5FEEC6FA9E}.Debug_Dev|iPhoneSimulator.Build.0 = Debug|Any CPU
		{667750E1-34C6-4D08-BDBA-AC5FEEC6FA9E}.Debug|Any CPU.ActiveCfg = Debug|Any CPU
		{667750E1-34C6-4D08-BDBA-AC5FEEC6FA9E}.Debug|Any CPU.Build.0 = Debug|Any CPU
		{667750E1-34C6-4D08-BDBA-AC5FEEC6FA9E}.Release_Dev|Any CPU.ActiveCfg = Release|Any CPU
		{667750E1-34C6-4D08-BDBA-AC5FEEC6FA9E}.Release_Dev|Any CPU.Build.0 = Release|Any CPU
		{667750E1-34C6-4D08-BDBA-AC5FEEC6FA9E}.Release_Dev|iPhone.ActiveCfg = Release|Any CPU
		{667750E1-34C6-4D08-BDBA-AC5FEEC6FA9E}.Release_Dev|iPhone.Build.0 = Release|Any CPU
		{667750E1-34C6-4D08-BDBA-AC5FEEC6FA9E}.Release_Production|Any CPU.ActiveCfg = Release|Any CPU
		{667750E1-34C6-4D08-BDBA-AC5FEEC6FA9E}.Release_Production|Any CPU.Build.0 = Release|Any CPU
		{667750E1-34C6-4D08-BDBA-AC5FEEC6FA9E}.Release_Production|iPhone.ActiveCfg = Release|Any CPU
		{667750E1-34C6-4D08-BDBA-AC5FEEC6FA9E}.Release_Production|iPhone.Build.0 = Release|Any CPU
		{667750E1-34C6-4D08-BDBA-AC5FEEC6FA9E}.Release_Staging|Any CPU.ActiveCfg = Release|Any CPU
		{667750E1-34C6-4D08-BDBA-AC5FEEC6FA9E}.Release_Staging|Any CPU.Build.0 = Release|Any CPU
		{667750E1-34C6-4D08-BDBA-AC5FEEC6FA9E}.Release_Staging|iPhone.ActiveCfg = Release|Any CPU
		{667750E1-34C6-4D08-BDBA-AC5FEEC6FA9E}.Release_Staging|iPhone.Build.0 = Release|Any CPU
		{667750E1-34C6-4D08-BDBA-AC5FEEC6FA9E}.Release|Any CPU.ActiveCfg = Release|Any CPU
		{667750E1-34C6-4D08-BDBA-AC5FEEC6FA9E}.Release|Any CPU.Build.0 = Release|Any CPU
		{667750E1-34C6-4D08-BDBA-AC5FEEC6FA9E}.HA_Dev|Any CPU.ActiveCfg = Release|Any CPU
		{667750E1-34C6-4D08-BDBA-AC5FEEC6FA9E}.HA_Dev|Any CPU.Build.0 = Release|Any CPU
		{667750E1-34C6-4D08-BDBA-AC5FEEC6FA9E}.HA_Dev|iPhone.ActiveCfg = Release|Any CPU
		{667750E1-34C6-4D08-BDBA-AC5FEEC6FA9E}.HA_Dev|iPhone.Build.0 = Release|Any CPU
		{667750E1-34C6-4D08-BDBA-AC5FEEC6FA9E}.HA_Staging|Any CPU.ActiveCfg = Release|Any CPU
		{667750E1-34C6-4D08-BDBA-AC5FEEC6FA9E}.HA_Staging|Any CPU.Build.0 = Release|Any CPU
		{667750E1-34C6-4D08-BDBA-AC5FEEC6FA9E}.HA_Staging|iPhone.ActiveCfg = Release|Any CPU
		{667750E1-34C6-4D08-BDBA-AC5FEEC6FA9E}.HA_Staging|iPhone.Build.0 = Release|Any CPU
		{667750E1-34C6-4D08-BDBA-AC5FEEC6FA9E}.HA_Production|Any CPU.ActiveCfg = Release|Any CPU
		{667750E1-34C6-4D08-BDBA-AC5FEEC6FA9E}.HA_Production|Any CPU.Build.0 = Release|Any CPU
		{667750E1-34C6-4D08-BDBA-AC5FEEC6FA9E}.HA_Production|iPhone.ActiveCfg = Release|Any CPU
		{667750E1-34C6-4D08-BDBA-AC5FEEC6FA9E}.HA_Production|iPhone.Build.0 = Release|Any CPU
		{667750E1-34C6-4D08-BDBA-AC5FEEC6FA9E}.HA_Test|Any CPU.ActiveCfg = Release|Any CPU
		{667750E1-34C6-4D08-BDBA-AC5FEEC6FA9E}.HA_Test|Any CPU.Build.0 = Release|Any CPU
		{667750E1-34C6-4D08-BDBA-AC5FEEC6FA9E}.HA_Test|iPhone.ActiveCfg = Release|Any CPU
		{667750E1-34C6-4D08-BDBA-AC5FEEC6FA9E}.HA_Test|iPhone.Build.0 = Release|Any CPU
		{667750E1-34C6-4D08-BDBA-AC5FEEC6FA9E}.Release_Test|Any CPU.ActiveCfg = Release|Any CPU
		{667750E1-34C6-4D08-BDBA-AC5FEEC6FA9E}.Release_Test|Any CPU.Build.0 = Release|Any CPU
		{667750E1-34C6-4D08-BDBA-AC5FEEC6FA9E}.Release_Test|iPhone.ActiveCfg = Release|Any CPU
		{667750E1-34C6-4D08-BDBA-AC5FEEC6FA9E}.Release_Test|iPhone.Build.0 = Release|Any CPU
		{718F7402-7623-40AA-AD4A-7A5BDC80B73B}.Debug_Dev|Any CPU.ActiveCfg = Debug|Any CPU
		{718F7402-7623-40AA-AD4A-7A5BDC80B73B}.Debug_Dev|Any CPU.Build.0 = Debug|Any CPU
		{718F7402-7623-40AA-AD4A-7A5BDC80B73B}.Debug_Dev|iPhone.ActiveCfg = Debug|Any CPU
		{718F7402-7623-40AA-AD4A-7A5BDC80B73B}.Debug_Dev|iPhone.Build.0 = Debug|Any CPU
		{718F7402-7623-40AA-AD4A-7A5BDC80B73B}.Debug_Dev|iPhoneSimulator.ActiveCfg = Debug|Any CPU
		{718F7402-7623-40AA-AD4A-7A5BDC80B73B}.Debug_Dev|iPhoneSimulator.Build.0 = Debug|Any CPU
		{718F7402-7623-40AA-AD4A-7A5BDC80B73B}.Debug|Any CPU.ActiveCfg = Debug|Any CPU
		{718F7402-7623-40AA-AD4A-7A5BDC80B73B}.Debug|Any CPU.Build.0 = Debug|Any CPU
		{718F7402-7623-40AA-AD4A-7A5BDC80B73B}.Release_Dev|Any CPU.ActiveCfg = Release|Any CPU
		{718F7402-7623-40AA-AD4A-7A5BDC80B73B}.Release_Dev|Any CPU.Build.0 = Release|Any CPU
		{718F7402-7623-40AA-AD4A-7A5BDC80B73B}.Release_Dev|iPhone.ActiveCfg = Release|Any CPU
		{718F7402-7623-40AA-AD4A-7A5BDC80B73B}.Release_Dev|iPhone.Build.0 = Release|Any CPU
		{718F7402-7623-40AA-AD4A-7A5BDC80B73B}.Release_Production|Any CPU.ActiveCfg = Release|Any CPU
		{718F7402-7623-40AA-AD4A-7A5BDC80B73B}.Release_Production|Any CPU.Build.0 = Release|Any CPU
		{718F7402-7623-40AA-AD4A-7A5BDC80B73B}.Release_Production|iPhone.ActiveCfg = Release|Any CPU
		{718F7402-7623-40AA-AD4A-7A5BDC80B73B}.Release_Production|iPhone.Build.0 = Release|Any CPU
		{718F7402-7623-40AA-AD4A-7A5BDC80B73B}.Release_Staging|Any CPU.ActiveCfg = Release|Any CPU
		{718F7402-7623-40AA-AD4A-7A5BDC80B73B}.Release_Staging|Any CPU.Build.0 = Release|Any CPU
		{718F7402-7623-40AA-AD4A-7A5BDC80B73B}.Release_Staging|iPhone.ActiveCfg = Release|Any CPU
		{718F7402-7623-40AA-AD4A-7A5BDC80B73B}.Release_Staging|iPhone.Build.0 = Release|Any CPU
		{718F7402-7623-40AA-AD4A-7A5BDC80B73B}.Release|Any CPU.ActiveCfg = Release|Any CPU
		{718F7402-7623-40AA-AD4A-7A5BDC80B73B}.Release|Any CPU.Build.0 = Release|Any CPU
		{718F7402-7623-40AA-AD4A-7A5BDC80B73B}.HA_Dev|Any CPU.ActiveCfg = Release|Any CPU
		{718F7402-7623-40AA-AD4A-7A5BDC80B73B}.HA_Dev|Any CPU.Build.0 = Release|Any CPU
		{718F7402-7623-40AA-AD4A-7A5BDC80B73B}.HA_Dev|iPhone.ActiveCfg = Release|Any CPU
		{718F7402-7623-40AA-AD4A-7A5BDC80B73B}.HA_Dev|iPhone.Build.0 = Release|Any CPU
		{718F7402-7623-40AA-AD4A-7A5BDC80B73B}.HA_Staging|Any CPU.ActiveCfg = Release|Any CPU
		{718F7402-7623-40AA-AD4A-7A5BDC80B73B}.HA_Staging|Any CPU.Build.0 = Release|Any CPU
		{718F7402-7623-40AA-AD4A-7A5BDC80B73B}.HA_Staging|iPhone.ActiveCfg = Release|Any CPU
		{718F7402-7623-40AA-AD4A-7A5BDC80B73B}.HA_Staging|iPhone.Build.0 = Release|Any CPU
		{718F7402-7623-40AA-AD4A-7A5BDC80B73B}.HA_Production|Any CPU.ActiveCfg = Release|Any CPU
		{718F7402-7623-40AA-AD4A-7A5BDC80B73B}.HA_Production|Any CPU.Build.0 = Release|Any CPU
		{718F7402-7623-40AA-AD4A-7A5BDC80B73B}.HA_Production|iPhone.ActiveCfg = Release|Any CPU
		{718F7402-7623-40AA-AD4A-7A5BDC80B73B}.HA_Production|iPhone.Build.0 = Release|Any CPU
		{718F7402-7623-40AA-AD4A-7A5BDC80B73B}.HA_Test|Any CPU.ActiveCfg = Release|Any CPU
		{718F7402-7623-40AA-AD4A-7A5BDC80B73B}.HA_Test|Any CPU.Build.0 = Release|Any CPU
		{718F7402-7623-40AA-AD4A-7A5BDC80B73B}.HA_Test|iPhone.ActiveCfg = Release|Any CPU
		{718F7402-7623-40AA-AD4A-7A5BDC80B73B}.HA_Test|iPhone.Build.0 = Release|Any CPU
		{718F7402-7623-40AA-AD4A-7A5BDC80B73B}.Release_Test|Any CPU.ActiveCfg = Release|Any CPU
		{718F7402-7623-40AA-AD4A-7A5BDC80B73B}.Release_Test|Any CPU.Build.0 = Release|Any CPU
		{718F7402-7623-40AA-AD4A-7A5BDC80B73B}.Release_Test|iPhone.ActiveCfg = Release|Any CPU
		{718F7402-7623-40AA-AD4A-7A5BDC80B73B}.Release_Test|iPhone.Build.0 = Release|Any CPU
		{1ABC2F1D-ED53-4D5F-9AD2-F90EF2E7D49C}.Debug_Dev|Any CPU.ActiveCfg = Debug_Dev|Any CPU
		{1ABC2F1D-ED53-4D5F-9AD2-F90EF2E7D49C}.Debug_Dev|Any CPU.Build.0 = Debug_Dev|Any CPU
		{1ABC2F1D-ED53-4D5F-9AD2-F90EF2E7D49C}.Debug_Dev|iPhone.ActiveCfg = Debug|Any CPU
		{1ABC2F1D-ED53-4D5F-9AD2-F90EF2E7D49C}.Debug_Dev|iPhoneSimulator.ActiveCfg = Debug|Any CPU
		{1ABC2F1D-ED53-4D5F-9AD2-F90EF2E7D49C}.Debug|Any CPU.ActiveCfg = Debug|Any CPU
		{1ABC2F1D-ED53-4D5F-9AD2-F90EF2E7D49C}.Debug|Any CPU.Build.0 = Debug|Any CPU
		{1ABC2F1D-ED53-4D5F-9AD2-F90EF2E7D49C}.Debug|Any CPU.Deploy.0 = Debug|Any CPU
		{1ABC2F1D-ED53-4D5F-9AD2-F90EF2E7D49C}.Release_Dev|Any CPU.ActiveCfg = Release_Dev|Any CPU
		{1ABC2F1D-ED53-4D5F-9AD2-F90EF2E7D49C}.Release_Dev|Any CPU.Build.0 = Release_Dev|Any CPU
		{1ABC2F1D-ED53-4D5F-9AD2-F90EF2E7D49C}.Release_Dev|iPhone.ActiveCfg = Release|Any CPU
		{1ABC2F1D-ED53-4D5F-9AD2-F90EF2E7D49C}.Release_Production|Any CPU.ActiveCfg = Release_Production|Any CPU
		{1ABC2F1D-ED53-4D5F-9AD2-F90EF2E7D49C}.Release_Production|Any CPU.Build.0 = Release_Production|Any CPU
		{1ABC2F1D-ED53-4D5F-9AD2-F90EF2E7D49C}.Release_Production|iPhone.ActiveCfg = Release|Any CPU
		{1ABC2F1D-ED53-4D5F-9AD2-F90EF2E7D49C}.Release_Staging|Any CPU.ActiveCfg = Release_Staging|Any CPU
		{1ABC2F1D-ED53-4D5F-9AD2-F90EF2E7D49C}.Release_Staging|Any CPU.Build.0 = Release_Staging|Any CPU
		{1ABC2F1D-ED53-4D5F-9AD2-F90EF2E7D49C}.Release_Staging|iPhone.ActiveCfg = Release|Any CPU
		{1ABC2F1D-ED53-4D5F-9AD2-F90EF2E7D49C}.Release|Any CPU.ActiveCfg = Release|Any CPU
		{1ABC2F1D-ED53-4D5F-9AD2-F90EF2E7D49C}.Release|Any CPU.Build.0 = Release|Any CPU
		{1ABC2F1D-ED53-4D5F-9AD2-F90EF2E7D49C}.Release|Any CPU.Deploy.0 = Release|Any CPU
		{1ABC2F1D-ED53-4D5F-9AD2-F90EF2E7D49C}.HA_Dev|Any CPU.ActiveCfg = HA_Dev|Any CPU
		{1ABC2F1D-ED53-4D5F-9AD2-F90EF2E7D49C}.HA_Dev|Any CPU.Build.0 = HA_Dev|Any CPU
		{1ABC2F1D-ED53-4D5F-9AD2-F90EF2E7D49C}.HA_Dev|iPhone.ActiveCfg = Release|Any CPU
		{1ABC2F1D-ED53-4D5F-9AD2-F90EF2E7D49C}.HA_Staging|Any CPU.ActiveCfg = HA_Staging|Any CPU
		{1ABC2F1D-ED53-4D5F-9AD2-F90EF2E7D49C}.HA_Staging|Any CPU.Build.0 = HA_Staging|Any CPU
		{1ABC2F1D-ED53-4D5F-9AD2-F90EF2E7D49C}.HA_Staging|iPhone.ActiveCfg = Release|Any CPU
		{1ABC2F1D-ED53-4D5F-9AD2-F90EF2E7D49C}.HA_Production|Any CPU.ActiveCfg = HA_Production|Any CPU
		{1ABC2F1D-ED53-4D5F-9AD2-F90EF2E7D49C}.HA_Production|Any CPU.Build.0 = HA_Production|Any CPU
		{1ABC2F1D-ED53-4D5F-9AD2-F90EF2E7D49C}.HA_Production|iPhone.ActiveCfg = Release|Any CPU
		{1ABC2F1D-ED53-4D5F-9AD2-F90EF2E7D49C}.HA_Test|Any CPU.ActiveCfg = HA_Test|Any CPU
		{1ABC2F1D-ED53-4D5F-9AD2-F90EF2E7D49C}.HA_Test|Any CPU.Build.0 = HA_Test|Any CPU
		{1ABC2F1D-ED53-4D5F-9AD2-F90EF2E7D49C}.HA_Test|iPhone.ActiveCfg = Release|Any CPU
		{1ABC2F1D-ED53-4D5F-9AD2-F90EF2E7D49C}.Release_Test|Any CPU.ActiveCfg = Release_Test|Any CPU
		{1ABC2F1D-ED53-4D5F-9AD2-F90EF2E7D49C}.Release_Test|Any CPU.Build.0 = Release_Test|Any CPU
		{1ABC2F1D-ED53-4D5F-9AD2-F90EF2E7D49C}.Release_Test|iPhone.ActiveCfg = Release|Any CPU
		{2C50A5E7-AFA9-4033-914E-B7BA7E236ED7}.Debug_Dev|Any CPU.ActiveCfg = Debug_Dev|iPhoneSimulator
		{2C50A5E7-AFA9-4033-914E-B7BA7E236ED7}.Debug_Dev|iPhone.ActiveCfg = Debug_Dev|iPhone
		{2C50A5E7-AFA9-4033-914E-B7BA7E236ED7}.Debug_Dev|iPhone.Build.0 = Debug_Dev|iPhone
		{2C50A5E7-AFA9-4033-914E-B7BA7E236ED7}.Debug_Dev|iPhoneSimulator.ActiveCfg = Debug_Dev|iPhoneSimulator
		{2C50A5E7-AFA9-4033-914E-B7BA7E236ED7}.Debug_Dev|iPhoneSimulator.Build.0 = Debug_Dev|iPhoneSimulator
		{2C50A5E7-AFA9-4033-914E-B7BA7E236ED7}.Debug|Any CPU.ActiveCfg = Debug|iPhone
		{2C50A5E7-AFA9-4033-914E-B7BA7E236ED7}.Release_Dev|Any CPU.ActiveCfg = Release_Dev|iPhone
		{2C50A5E7-AFA9-4033-914E-B7BA7E236ED7}.Release_Dev|iPhone.ActiveCfg = Release_Dev|iPhone
		{2C50A5E7-AFA9-4033-914E-B7BA7E236ED7}.Release_Dev|iPhone.Build.0 = Release_Dev|iPhone
		{2C50A5E7-AFA9-4033-914E-B7BA7E236ED7}.Release_Production|Any CPU.ActiveCfg = Release|Any CPU
		{2C50A5E7-AFA9-4033-914E-B7BA7E236ED7}.Release_Production|iPhone.ActiveCfg = Release_Production|iPhone
		{2C50A5E7-AFA9-4033-914E-B7BA7E236ED7}.Release_Production|iPhone.Build.0 = Release_Production|iPhone
		{2C50A5E7-AFA9-4033-914E-B7BA7E236ED7}.Release_Staging|Any CPU.ActiveCfg = Release_Staging|iPhone
		{2C50A5E7-AFA9-4033-914E-B7BA7E236ED7}.Release_Staging|iPhone.ActiveCfg = Release_Staging|iPhone
		{2C50A5E7-AFA9-4033-914E-B7BA7E236ED7}.Release_Staging|iPhone.Build.0 = Release_Staging|iPhone
		{2C50A5E7-AFA9-4033-914E-B7BA7E236ED7}.Release|Any CPU.ActiveCfg = Release|iPhone
		{2C50A5E7-AFA9-4033-914E-B7BA7E236ED7}.HA_Dev|Any CPU.ActiveCfg = Release_Dev|iPhone
		{2C50A5E7-AFA9-4033-914E-B7BA7E236ED7}.HA_Dev|iPhone.ActiveCfg = HA_Dev|iPhone
		{2C50A5E7-AFA9-4033-914E-B7BA7E236ED7}.HA_Dev|iPhone.Build.0 = HA_Dev|iPhone
		{2C50A5E7-AFA9-4033-914E-B7BA7E236ED7}.HA_Staging|Any CPU.ActiveCfg = Release_Staging|iPhone
		{2C50A5E7-AFA9-4033-914E-B7BA7E236ED7}.HA_Staging|iPhone.ActiveCfg = HA_Staging|iPhone
		{2C50A5E7-AFA9-4033-914E-B7BA7E236ED7}.HA_Staging|iPhone.Build.0 = HA_Staging|iPhone
		{2C50A5E7-AFA9-4033-914E-B7BA7E236ED7}.HA_Production|Any CPU.ActiveCfg = Release|Any CPU
		{2C50A5E7-AFA9-4033-914E-B7BA7E236ED7}.HA_Production|iPhone.ActiveCfg = HA_Production|iPhone
		{2C50A5E7-AFA9-4033-914E-B7BA7E236ED7}.HA_Production|iPhone.Build.0 = HA_Production|iPhone
		{2C50A5E7-AFA9-4033-914E-B7BA7E236ED7}.HA_Test|Any CPU.ActiveCfg = Release|Any CPU
		{2C50A5E7-AFA9-4033-914E-B7BA7E236ED7}.HA_Test|iPhone.ActiveCfg = HA_Test|iPhone
		{2C50A5E7-AFA9-4033-914E-B7BA7E236ED7}.HA_Test|iPhone.Build.0 = HA_Test|iPhone
		{2C50A5E7-AFA9-4033-914E-B7BA7E236ED7}.Release_Test|Any CPU.ActiveCfg = Release|Any CPU
		{2C50A5E7-AFA9-4033-914E-B7BA7E236ED7}.Release_Test|iPhone.ActiveCfg = Release_Test|iPhone
		{2C50A5E7-AFA9-4033-914E-B7BA7E236ED7}.Release_Test|iPhone.Build.0 = Release_Test|iPhone
		{4E12F844-7F12-481A-AFBB-939342683F9B}.Debug_Dev|Any CPU.ActiveCfg = Debug|Any CPU
		{4E12F844-7F12-481A-AFBB-939342683F9B}.Debug_Dev|Any CPU.Build.0 = Debug|Any CPU
		{4E12F844-7F12-481A-AFBB-939342683F9B}.Debug_Dev|iPhone.ActiveCfg = Debug|Any CPU
		{4E12F844-7F12-481A-AFBB-939342683F9B}.Debug_Dev|iPhone.Build.0 = Debug|Any CPU
		{4E12F844-7F12-481A-AFBB-939342683F9B}.Debug_Dev|iPhoneSimulator.ActiveCfg = Debug|Any CPU
		{4E12F844-7F12-481A-AFBB-939342683F9B}.Debug_Dev|iPhoneSimulator.Build.0 = Debug|Any CPU
		{4E12F844-7F12-481A-AFBB-939342683F9B}.Debug|Any CPU.ActiveCfg = Debug|Any CPU
		{4E12F844-7F12-481A-AFBB-939342683F9B}.Debug|Any CPU.Build.0 = Debug|Any CPU
		{4E12F844-7F12-481A-AFBB-939342683F9B}.Release_Dev|Any CPU.ActiveCfg = Release_Dev|Any CPU
		{4E12F844-7F12-481A-AFBB-939342683F9B}.Release_Dev|Any CPU.Build.0 = Release_Dev|Any CPU
		{4E12F844-7F12-481A-AFBB-939342683F9B}.Release_Dev|iPhone.ActiveCfg = Release_Dev|Any CPU
		{4E12F844-7F12-481A-AFBB-939342683F9B}.Release_Dev|iPhone.Build.0 = Release_Dev|Any CPU
		{4E12F844-7F12-481A-AFBB-939342683F9B}.Release_Production|Any CPU.ActiveCfg = Release_Production|Any CPU
		{4E12F844-7F12-481A-AFBB-939342683F9B}.Release_Production|Any CPU.Build.0 = Release_Production|Any CPU
		{4E12F844-7F12-481A-AFBB-939342683F9B}.Release_Production|iPhone.ActiveCfg = Release_Production|Any CPU
		{4E12F844-7F12-481A-AFBB-939342683F9B}.Release_Production|iPhone.Build.0 = Release_Production|Any CPU
		{4E12F844-7F12-481A-AFBB-939342683F9B}.Release_Staging|Any CPU.ActiveCfg = Release_Staging|Any CPU
		{4E12F844-7F12-481A-AFBB-939342683F9B}.Release_Staging|Any CPU.Build.0 = Release_Staging|Any CPU
		{4E12F844-7F12-481A-AFBB-939342683F9B}.Release_Staging|iPhone.ActiveCfg = Release_Staging|Any CPU
		{4E12F844-7F12-481A-AFBB-939342683F9B}.Release_Staging|iPhone.Build.0 = Release_Staging|Any CPU
		{4E12F844-7F12-481A-AFBB-939342683F9B}.Release|Any CPU.ActiveCfg = Release|Any CPU
		{4E12F844-7F12-481A-AFBB-939342683F9B}.Release|Any CPU.Build.0 = Release|Any CPU
		{4E12F844-7F12-481A-AFBB-939342683F9B}.HA_Dev|Any CPU.ActiveCfg = Release|Any CPU
		{4E12F844-7F12-481A-AFBB-939342683F9B}.HA_Dev|Any CPU.Build.0 = Release|Any CPU
		{4E12F844-7F12-481A-AFBB-939342683F9B}.HA_Dev|iPhone.ActiveCfg = Release|Any CPU
		{4E12F844-7F12-481A-AFBB-939342683F9B}.HA_Dev|iPhone.Build.0 = Release|Any CPU
		{4E12F844-7F12-481A-AFBB-939342683F9B}.HA_Staging|Any CPU.ActiveCfg = Release|Any CPU
		{4E12F844-7F12-481A-AFBB-939342683F9B}.HA_Staging|Any CPU.Build.0 = Release|Any CPU
		{4E12F844-7F12-481A-AFBB-939342683F9B}.HA_Staging|iPhone.ActiveCfg = Release|Any CPU
		{4E12F844-7F12-481A-AFBB-939342683F9B}.HA_Staging|iPhone.Build.0 = Release|Any CPU
		{4E12F844-7F12-481A-AFBB-939342683F9B}.HA_Production|Any CPU.ActiveCfg = Release|Any CPU
		{4E12F844-7F12-481A-AFBB-939342683F9B}.HA_Production|Any CPU.Build.0 = Release|Any CPU
		{4E12F844-7F12-481A-AFBB-939342683F9B}.HA_Production|iPhone.ActiveCfg = Release|Any CPU
		{4E12F844-7F12-481A-AFBB-939342683F9B}.HA_Production|iPhone.Build.0 = Release|Any CPU
		{4E12F844-7F12-481A-AFBB-939342683F9B}.HA_Test|Any CPU.ActiveCfg = Release|Any CPU
		{4E12F844-7F12-481A-AFBB-939342683F9B}.HA_Test|Any CPU.Build.0 = Release|Any CPU
		{4E12F844-7F12-481A-AFBB-939342683F9B}.HA_Test|iPhone.ActiveCfg = Release|Any CPU
		{4E12F844-7F12-481A-AFBB-939342683F9B}.HA_Test|iPhone.Build.0 = Release|Any CPU
		{4E12F844-7F12-481A-AFBB-939342683F9B}.Release_Test|Any CPU.ActiveCfg = Release|Any CPU
		{4E12F844-7F12-481A-AFBB-939342683F9B}.Release_Test|Any CPU.Build.0 = Release|Any CPU
		{4E12F844-7F12-481A-AFBB-939342683F9B}.Release_Test|iPhone.ActiveCfg = Release|Any CPU
		{4E12F844-7F12-481A-AFBB-939342683F9B}.Release_Test|iPhone.Build.0 = Release|Any CPU
		{C6D4D76C-807D-4B7A-A757-7C580C0307B0}.Ad-Hoc|Any CPU.ActiveCfg = Debug|Any CPU
		{C6D4D76C-807D-4B7A-A757-7C580C0307B0}.Ad-Hoc|Any CPU.Build.0 = Debug|Any CPU
		{C6D4D76C-807D-4B7A-A757-7C580C0307B0}.Ad-Hoc|iPhone.ActiveCfg = Debug|Any CPU
		{C6D4D76C-807D-4B7A-A757-7C580C0307B0}.Ad-Hoc|iPhone.Build.0 = Debug|Any CPU
		{C6D4D76C-807D-4B7A-A757-7C580C0307B0}.Ad-Hoc|iPhoneSimulator.ActiveCfg = Debug|Any CPU
		{C6D4D76C-807D-4B7A-A757-7C580C0307B0}.Ad-Hoc|iPhoneSimulator.Build.0 = Debug|Any CPU
		{C6D4D76C-807D-4B7A-A757-7C580C0307B0}.AppStore|Any CPU.ActiveCfg = Debug|Any CPU
		{C6D4D76C-807D-4B7A-A757-7C580C0307B0}.AppStore|Any CPU.Build.0 = Debug|Any CPU
		{C6D4D76C-807D-4B7A-A757-7C580C0307B0}.AppStore|iPhone.ActiveCfg = Debug|Any CPU
		{C6D4D76C-807D-4B7A-A757-7C580C0307B0}.AppStore|iPhone.Build.0 = Debug|Any CPU
		{C6D4D76C-807D-4B7A-A757-7C580C0307B0}.AppStore|iPhoneSimulator.ActiveCfg = Debug|Any CPU
		{C6D4D76C-807D-4B7A-A757-7C580C0307B0}.AppStore|iPhoneSimulator.Build.0 = Debug|Any CPU
		{C6D4D76C-807D-4B7A-A757-7C580C0307B0}.Debug_Dev|Any CPU.ActiveCfg = Debug|Any CPU
		{C6D4D76C-807D-4B7A-A757-7C580C0307B0}.Debug_Dev|Any CPU.Build.0 = Debug|Any CPU
		{C6D4D76C-807D-4B7A-A757-7C580C0307B0}.Debug_Dev|iPhone.ActiveCfg = Debug|Any CPU
		{C6D4D76C-807D-4B7A-A757-7C580C0307B0}.Debug_Dev|iPhone.Build.0 = Debug|Any CPU
		{C6D4D76C-807D-4B7A-A757-7C580C0307B0}.Debug_Dev|iPhoneSimulator.ActiveCfg = Debug|Any CPU
		{C6D4D76C-807D-4B7A-A757-7C580C0307B0}.Debug_Dev|iPhoneSimulator.Build.0 = Debug|Any CPU
		{C6D4D76C-807D-4B7A-A757-7C580C0307B0}.Debug|Any CPU.ActiveCfg = Debug|Any CPU
		{C6D4D76C-807D-4B7A-A757-7C580C0307B0}.Debug|Any CPU.Build.0 = Debug|Any CPU
		{C6D4D76C-807D-4B7A-A757-7C580C0307B0}.Debug|iPhone.ActiveCfg = Debug|Any CPU
		{C6D4D76C-807D-4B7A-A757-7C580C0307B0}.Debug|iPhone.Build.0 = Debug|Any CPU
		{C6D4D76C-807D-4B7A-A757-7C580C0307B0}.Debug|iPhoneSimulator.ActiveCfg = Debug|Any CPU
		{C6D4D76C-807D-4B7A-A757-7C580C0307B0}.Debug|iPhoneSimulator.Build.0 = Debug|Any CPU
		{C6D4D76C-807D-4B7A-A757-7C580C0307B0}.Release_Dev|Any CPU.ActiveCfg = Release|Any CPU
		{C6D4D76C-807D-4B7A-A757-7C580C0307B0}.Release_Dev|Any CPU.Build.0 = Release|Any CPU
		{C6D4D76C-807D-4B7A-A757-7C580C0307B0}.Release_Dev|iPhone.ActiveCfg = Release|Any CPU
		{C6D4D76C-807D-4B7A-A757-7C580C0307B0}.Release_Dev|iPhone.Build.0 = Release|Any CPU
		{C6D4D76C-807D-4B7A-A757-7C580C0307B0}.Release_Dev|iPhoneSimulator.ActiveCfg = Debug|Any CPU
		{C6D4D76C-807D-4B7A-A757-7C580C0307B0}.Release_Dev|iPhoneSimulator.Build.0 = Debug|Any CPU
		{C6D4D76C-807D-4B7A-A757-7C580C0307B0}.Release_Production|Any CPU.ActiveCfg = Release|Any CPU
		{C6D4D76C-807D-4B7A-A757-7C580C0307B0}.Release_Production|Any CPU.Build.0 = Release|Any CPU
		{C6D4D76C-807D-4B7A-A757-7C580C0307B0}.Release_Production|iPhone.ActiveCfg = Release|Any CPU
		{C6D4D76C-807D-4B7A-A757-7C580C0307B0}.Release_Production|iPhone.Build.0 = Release|Any CPU
		{C6D4D76C-807D-4B7A-A757-7C580C0307B0}.Release_Production|iPhoneSimulator.ActiveCfg = Debug|Any CPU
		{C6D4D76C-807D-4B7A-A757-7C580C0307B0}.Release_Production|iPhoneSimulator.Build.0 = Debug|Any CPU
		{C6D4D76C-807D-4B7A-A757-7C580C0307B0}.Release_Staging|Any CPU.ActiveCfg = Release|Any CPU
		{C6D4D76C-807D-4B7A-A757-7C580C0307B0}.Release_Staging|Any CPU.Build.0 = Release|Any CPU
		{C6D4D76C-807D-4B7A-A757-7C580C0307B0}.Release_Staging|iPhone.ActiveCfg = Release|Any CPU
		{C6D4D76C-807D-4B7A-A757-7C580C0307B0}.Release_Staging|iPhone.Build.0 = Release|Any CPU
		{C6D4D76C-807D-4B7A-A757-7C580C0307B0}.Release_Staging|iPhoneSimulator.ActiveCfg = Debug|Any CPU
		{C6D4D76C-807D-4B7A-A757-7C580C0307B0}.Release_Staging|iPhoneSimulator.Build.0 = Debug|Any CPU
		{C6D4D76C-807D-4B7A-A757-7C580C0307B0}.Release|Any CPU.ActiveCfg = Release|Any CPU
		{C6D4D76C-807D-4B7A-A757-7C580C0307B0}.Release|Any CPU.Build.0 = Release|Any CPU
		{C6D4D76C-807D-4B7A-A757-7C580C0307B0}.Release|iPhone.ActiveCfg = Release|Any CPU
		{C6D4D76C-807D-4B7A-A757-7C580C0307B0}.Release|iPhone.Build.0 = Release|Any CPU
		{C6D4D76C-807D-4B7A-A757-7C580C0307B0}.Release|iPhoneSimulator.ActiveCfg = Release|Any CPU
		{C6D4D76C-807D-4B7A-A757-7C580C0307B0}.Release|iPhoneSimulator.Build.0 = Release|Any CPU
		{C6D4D76C-807D-4B7A-A757-7C580C0307B0}.Staging|Any CPU.ActiveCfg = Debug|Any CPU
		{C6D4D76C-807D-4B7A-A757-7C580C0307B0}.Staging|Any CPU.Build.0 = Debug|Any CPU
		{C6D4D76C-807D-4B7A-A757-7C580C0307B0}.Staging|iPhone.ActiveCfg = Debug|Any CPU
		{C6D4D76C-807D-4B7A-A757-7C580C0307B0}.Staging|iPhone.Build.0 = Debug|Any CPU
		{C6D4D76C-807D-4B7A-A757-7C580C0307B0}.Staging|iPhoneSimulator.ActiveCfg = Debug|Any CPU
		{C6D4D76C-807D-4B7A-A757-7C580C0307B0}.Staging|iPhoneSimulator.Build.0 = Debug|Any CPU
		{C6D4D76C-807D-4B7A-A757-7C580C0307B0}.HA_Dev|Any CPU.ActiveCfg = Release|Any CPU
		{C6D4D76C-807D-4B7A-A757-7C580C0307B0}.HA_Dev|Any CPU.Build.0 = Release|Any CPU
		{C6D4D76C-807D-4B7A-A757-7C580C0307B0}.HA_Dev|iPhone.ActiveCfg = Release|Any CPU
		{C6D4D76C-807D-4B7A-A757-7C580C0307B0}.HA_Dev|iPhone.Build.0 = Release|Any CPU
		{C6D4D76C-807D-4B7A-A757-7C580C0307B0}.HA_Staging|Any CPU.ActiveCfg = Release|Any CPU
		{C6D4D76C-807D-4B7A-A757-7C580C0307B0}.HA_Staging|Any CPU.Build.0 = Release|Any CPU
		{C6D4D76C-807D-4B7A-A757-7C580C0307B0}.HA_Staging|iPhone.ActiveCfg = Release|Any CPU
		{C6D4D76C-807D-4B7A-A757-7C580C0307B0}.HA_Staging|iPhone.Build.0 = Release|Any CPU
		{C6D4D76C-807D-4B7A-A757-7C580C0307B0}.HA_Production|Any CPU.ActiveCfg = Release|Any CPU
		{C6D4D76C-807D-4B7A-A757-7C580C0307B0}.HA_Production|Any CPU.Build.0 = Release|Any CPU
		{C6D4D76C-807D-4B7A-A757-7C580C0307B0}.HA_Production|iPhone.ActiveCfg = Release|Any CPU
		{C6D4D76C-807D-4B7A-A757-7C580C0307B0}.HA_Production|iPhone.Build.0 = Release|Any CPU
		{C6D4D76C-807D-4B7A-A757-7C580C0307B0}.HA_Test|Any CPU.ActiveCfg = Release|Any CPU
		{C6D4D76C-807D-4B7A-A757-7C580C0307B0}.HA_Test|Any CPU.Build.0 = Release|Any CPU
		{C6D4D76C-807D-4B7A-A757-7C580C0307B0}.HA_Test|iPhone.ActiveCfg = Release|Any CPU
		{C6D4D76C-807D-4B7A-A757-7C580C0307B0}.HA_Test|iPhone.Build.0 = Release|Any CPU
		{C6D4D76C-807D-4B7A-A757-7C580C0307B0}.Release_Test|Any CPU.ActiveCfg = Release|Any CPU
		{C6D4D76C-807D-4B7A-A757-7C580C0307B0}.Release_Test|Any CPU.Build.0 = Release|Any CPU
		{C6D4D76C-807D-4B7A-A757-7C580C0307B0}.Release_Test|iPhone.ActiveCfg = Release|Any CPU
		{C6D4D76C-807D-4B7A-A757-7C580C0307B0}.Release_Test|iPhone.Build.0 = Release|Any CPU
	EndGlobalSection
	GlobalSection(SolutionProperties) = preSolution
		HideSolutionNode = FALSE
	EndGlobalSection
	GlobalSection(NestedProjects) = preSolution
		{1F12D306-6EA5-486C-92DC-1DA2E23F3935} = {B8A0ABF1-E7CE-483D-8E5B-24A670CE6EDD}
		{667750E1-34C6-4D08-BDBA-AC5FEEC6FA9E} = {B8A0ABF1-E7CE-483D-8E5B-24A670CE6EDD}
		{718F7402-7623-40AA-AD4A-7A5BDC80B73B} = {B8A0ABF1-E7CE-483D-8E5B-24A670CE6EDD}
		{1ABC2F1D-ED53-4D5F-9AD2-F90EF2E7D49C} = {50A39C50-C3E5-44CD-AF6C-9E8BF38BAE63}
		{2C50A5E7-AFA9-4033-914E-B7BA7E236ED7} = {50A39C50-C3E5-44CD-AF6C-9E8BF38BAE63}
		{4E12F844-7F12-481A-AFBB-939342683F9B} = {50A39C50-C3E5-44CD-AF6C-9E8BF38BAE63}
		{63F04ECB-EE93-4572-A1CD-4C491CA43C10} = {9798A88A-C0B7-4584-8984-60DEEB22C741}
		{C6D4D76C-807D-4B7A-A757-7C580C0307B0} = {737F6D7C-97D9-456D-8C83-3133D5CC9786}
		{737F6D7C-97D9-456D-8C83-3133D5CC9786} = {9798A88A-C0B7-4584-8984-60DEEB22C741}
	EndGlobalSection
	GlobalSection(MonoDevelopProperties) = preSolution
		Policies = $0
		$0.TextStylePolicy = $1
		$1.inheritsSet = null
		$1.scope = text/x-csharp
		$0.CSharpFormattingPolicy = $2
		$2.scope = text/x-csharp
		$0.StandardHeader = $3
		$3.Text = @ // --------------------------------------------------------------------------------------------------------------------\n // <copyright file="${FileName}" company="Grosvenor">\n //   Grosvenor\n // </copyright>\n // <summary>\n //   ${FileName}\n // </summary>\n // --------------------------------------------------------------------------------------------------------------------
	EndGlobalSection
EndGlobal
